// !$*UTF8*$!
{
	archiveVersion = 1;
	classes = {
	};
	objectVersion = 46;
	objects = {

/* Begin PBXBuildFile section */
		CF2A37251BA4819300EC2455 /* AppDelegate.swift in Sources */ = {isa = PBXBuildFile; fileRef = CF2A37241BA4819300EC2455 /* AppDelegate.swift */; };
		CF2A37271BA4819300EC2455 /* ViewController.swift in Sources */ = {isa = PBXBuildFile; fileRef = CF2A37261BA4819300EC2455 /* ViewController.swift */; };
		CF2A372A1BA4819300EC2455 /* Main.storyboard in Resources */ = {isa = PBXBuildFile; fileRef = CF2A37281BA4819300EC2455 /* Main.storyboard */; };
		CF2A372C1BA4819300EC2455 /* Images.xcassets in Resources */ = {isa = PBXBuildFile; fileRef = CF2A372B1BA4819300EC2455 /* Images.xcassets */; };
		CF2A372F1BA4819300EC2455 /* LaunchScreen.xib in Resources */ = {isa = PBXBuildFile; fileRef = CF2A372D1BA4819300EC2455 /* LaunchScreen.xib */; };
		CF2A373B1BA4819300EC2455 /* wish_getTests.swift in Sources */ = {isa = PBXBuildFile; fileRef = CF2A373A1BA4819300EC2455 /* wish_getTests.swift */; };
		D37B810754D0590F452E9249 /* Pods.framework in Frameworks */ = {isa = PBXBuildFile; fileRef = 6244A8F86314BFC448DB2D09 /* Pods.framework */; settings = {ATTRIBUTES = (Weak, ); }; };
/* End PBXBuildFile section */

/* Begin PBXContainerItemProxy section */
		CF2A37351BA4819300EC2455 /* PBXContainerItemProxy */ = {
			isa = PBXContainerItemProxy;
			containerPortal = CF2A37171BA4819300EC2455 /* Project object */;
			proxyType = 1;
			remoteGlobalIDString = CF2A371E1BA4819300EC2455;
			remoteInfo = "wish&get";
		};
/* End PBXContainerItemProxy section */

/* Begin PBXFileReference section */
		23644F9793B9ECC9C69D01BC /* Pods.debug.xcconfig */ = {isa = PBXFileReference; includeInIndex = 1; lastKnownFileType = text.xcconfig; name = Pods.debug.xcconfig; path = "Pods/Target Support Files/Pods/Pods.debug.xcconfig"; sourceTree = "<group>"; };
		6244A8F86314BFC448DB2D09 /* Pods.framework */ = {isa = PBXFileReference; explicitFileType = wrapper.framework; includeInIndex = 0; path = Pods.framework; sourceTree = BUILT_PRODUCTS_DIR; };
		8908AE33868C1B7981AD401F /* Pods.release.xcconfig */ = {isa = PBXFileReference; includeInIndex = 1; lastKnownFileType = text.xcconfig; name = Pods.release.xcconfig; path = "Pods/Target Support Files/Pods/Pods.release.xcconfig"; sourceTree = "<group>"; };
		CF2A371F1BA4819300EC2455 /* wish&get.app */ = {isa = PBXFileReference; explicitFileType = wrapper.application; includeInIndex = 0; path = "wish&get.app"; sourceTree = BUILT_PRODUCTS_DIR; };
		CF2A37231BA4819300EC2455 /* Info.plist */ = {isa = PBXFileReference; lastKnownFileType = text.plist.xml; path = Info.plist; sourceTree = "<group>"; };
		CF2A37241BA4819300EC2455 /* AppDelegate.swift */ = {isa = PBXFileReference; lastKnownFileType = sourcecode.swift; path = AppDelegate.swift; sourceTree = "<group>"; };
		CF2A37261BA4819300EC2455 /* ViewController.swift */ = {isa = PBXFileReference; lastKnownFileType = sourcecode.swift; path = ViewController.swift; sourceTree = "<group>"; };
		CF2A37291BA4819300EC2455 /* Base */ = {isa = PBXFileReference; lastKnownFileType = file.storyboard; name = Base; path = Base.lproj/Main.storyboard; sourceTree = "<group>"; };
		CF2A372B1BA4819300EC2455 /* Images.xcassets */ = {isa = PBXFileReference; lastKnownFileType = folder.assetcatalog; path = Images.xcassets; sourceTree = "<group>"; };
		CF2A372E1BA4819300EC2455 /* Base */ = {isa = PBXFileReference; lastKnownFileType = file.xib; name = Base; path = Base.lproj/LaunchScreen.xib; sourceTree = "<group>"; };
		CF2A37341BA4819300EC2455 /* wish&getTests.xctest */ = {isa = PBXFileReference; explicitFileType = wrapper.cfbundle; includeInIndex = 0; path = "wish&getTests.xctest"; sourceTree = BUILT_PRODUCTS_DIR; };
		CF2A37391BA4819300EC2455 /* Info.plist */ = {isa = PBXFileReference; lastKnownFileType = text.plist.xml; path = Info.plist; sourceTree = "<group>"; };
		CF2A373A1BA4819300EC2455 /* wish_getTests.swift */ = {isa = PBXFileReference; lastKnownFileType = sourcecode.swift; path = wish_getTests.swift; sourceTree = "<group>"; };
/* End PBXFileReference section */

/* Begin PBXFrameworksBuildPhase section */
		CF2A371C1BA4819300EC2455 /* Frameworks */ = {
			isa = PBXFrameworksBuildPhase;
			buildActionMask = 2147483647;
			files = (
				D37B810754D0590F452E9249 /* Pods.framework in Frameworks */,
			);
			runOnlyForDeploymentPostprocessing = 0;
		};
		CF2A37311BA4819300EC2455 /* Frameworks */ = {
			isa = PBXFrameworksBuildPhase;
			buildActionMask = 2147483647;
			files = (
			);
			runOnlyForDeploymentPostprocessing = 0;
		};
/* End PBXFrameworksBuildPhase section */

/* Begin PBXGroup section */
		CF2A37161BA4819300EC2455 = {
			isa = PBXGroup;
			children = (
				CF2A37211BA4819300EC2455 /* wish&get */,
				CF2A37371BA4819300EC2455 /* wish&getTests */,
				CF2A37201BA4819300EC2455 /* Products */,
				FCA3EBC772A3E7C2299D1F8A /* Pods */,
				D0FCAAF3DB2822837398DE65 /* Frameworks */,
			);
			sourceTree = "<group>";
		};
		CF2A37201BA4819300EC2455 /* Products */ = {
			isa = PBXGroup;
			children = (
				CF2A371F1BA4819300EC2455 /* wish&get.app */,
				CF2A37341BA4819300EC2455 /* wish&getTests.xctest */,
			);
			name = Products;
			sourceTree = "<group>";
		};
		CF2A37211BA4819300EC2455 /* wish&get */ = {
			isa = PBXGroup;
			children = (
				CF2A37241BA4819300EC2455 /* AppDelegate.swift */,
				CF2A37261BA4819300EC2455 /* ViewController.swift */,
				CF2A37281BA4819300EC2455 /* Main.storyboard */,
				CF2A372B1BA4819300EC2455 /* Images.xcassets */,
				CF2A372D1BA4819300EC2455 /* LaunchScreen.xib */,
				CF2A37221BA4819300EC2455 /* Supporting Files */,
			);
			path = "wish&get";
			sourceTree = "<group>";
		};
		CF2A37221BA4819300EC2455 /* Supporting Files */ = {
			isa = PBXGroup;
			children = (
				CF2A37231BA4819300EC2455 /* Info.plist */,
			);
			name = "Supporting Files";
			sourceTree = "<group>";
		};
		CF2A37371BA4819300EC2455 /* wish&getTests */ = {
			isa = PBXGroup;
			children = (
				CF2A373A1BA4819300EC2455 /* wish_getTests.swift */,
				CF2A37381BA4819300EC2455 /* Supporting Files */,
			);
			path = "wish&getTests";
			sourceTree = "<group>";
		};
		CF2A37381BA4819300EC2455 /* Supporting Files */ = {
			isa = PBXGroup;
			children = (
				CF2A37391BA4819300EC2455 /* Info.plist */,
			);
			name = "Supporting Files";
			sourceTree = "<group>";
		};
		D0FCAAF3DB2822837398DE65 /* Frameworks */ = {
			isa = PBXGroup;
			children = (
				6244A8F86314BFC448DB2D09 /* Pods.framework */,
			);
			name = Frameworks;
			sourceTree = "<group>";
		};
		FCA3EBC772A3E7C2299D1F8A /* Pods */ = {
			isa = PBXGroup;
			children = (
				23644F9793B9ECC9C69D01BC /* Pods.debug.xcconfig */,
				8908AE33868C1B7981AD401F /* Pods.release.xcconfig */,
			);
			name = Pods;
			sourceTree = "<group>";
		};
/* End PBXGroup section */

/* Begin PBXNativeTarget section */
		CF2A371E1BA4819300EC2455 /* wish&get */ = {
			isa = PBXNativeTarget;
			buildConfigurationList = CF2A373E1BA4819300EC2455 /* Build configuration list for PBXNativeTarget "wish&get" */;
			buildPhases = (
				348992707EC391065097F6A0 /* Check Pods Manifest.lock */,
				CF2A371B1BA4819300EC2455 /* Sources */,
				CF2A371C1BA4819300EC2455 /* Frameworks */,
				CF2A371D1BA4819300EC2455 /* Resources */,
				E32EB000934E5CD2E2E021D1 /* Embed Pods Frameworks */,
				E6A597B6BEC2A1B7633F4397 /* Copy Pods Resources */,
			);
			buildRules = (
			);
			dependencies = (
			);
			name = "wish&get";
			productName = "wish&get";
			productReference = CF2A371F1BA4819300EC2455 /* wish&get.app */;
			productType = "com.apple.product-type.application";
		};
		CF2A37331BA4819300EC2455 /* wish&getTests */ = {
			isa = PBXNativeTarget;
			buildConfigurationList = CF2A37411BA4819300EC2455 /* Build configuration list for PBXNativeTarget "wish&getTests" */;
			buildPhases = (
				CF2A37301BA4819300EC2455 /* Sources */,
				CF2A37311BA4819300EC2455 /* Frameworks */,
				CF2A37321BA4819300EC2455 /* Resources */,
			);
			buildRules = (
			);
			dependencies = (
				CF2A37361BA4819300EC2455 /* PBXTargetDependency */,
			);
			name = "wish&getTests";
			productName = "wish&getTests";
			productReference = CF2A37341BA4819300EC2455 /* wish&getTests.xctest */;
			productType = "com.apple.product-type.bundle.unit-test";
		};
/* End PBXNativeTarget section */

/* Begin PBXProject section */
		CF2A37171BA4819300EC2455 /* Project object */ = {
			isa = PBXProject;
			attributes = {
				LastUpgradeCheck = 0640;
				ORGANIZATIONNAME = "div-hack";
				TargetAttributes = {
					CF2A371E1BA4819300EC2455 = {
						CreatedOnToolsVersion = 6.4;
					};
					CF2A37331BA4819300EC2455 = {
						CreatedOnToolsVersion = 6.4;
						TestTargetID = CF2A371E1BA4819300EC2455;
					};
				};
			};
			buildConfigurationList = CF2A371A1BA4819300EC2455 /* Build configuration list for PBXProject "wish&get" */;
			compatibilityVersion = "Xcode 3.2";
			developmentRegion = English;
			hasScannedForEncodings = 0;
			knownRegions = (
				en,
				Base,
			);
			mainGroup = CF2A37161BA4819300EC2455;
			productRefGroup = CF2A37201BA4819300EC2455 /* Products */;
			projectDirPath = "";
			projectRoot = "";
			targets = (
				CF2A371E1BA4819300EC2455 /* wish&get */,
				CF2A37331BA4819300EC2455 /* wish&getTests */,
			);
		};
/* End PBXProject section */

/* Begin PBXResourcesBuildPhase section */
		CF2A371D1BA4819300EC2455 /* Resources */ = {
			isa = PBXResourcesBuildPhase;
			buildActionMask = 2147483647;
			files = (
				CF2A372A1BA4819300EC2455 /* Main.storyboard in Resources */,
				CF2A372F1BA4819300EC2455 /* LaunchScreen.xib in Resources */,
				CF2A372C1BA4819300EC2455 /* Images.xcassets in Resources */,
			);
			runOnlyForDeploymentPostprocessing = 0;
		};
		CF2A37321BA4819300EC2455 /* Resources */ = {
			isa = PBXResourcesBuildPhase;
			buildActionMask = 2147483647;
			files = (
			);
			runOnlyForDeploymentPostprocessing = 0;
		};
/* End PBXResourcesBuildPhase section */

/* Begin PBXShellScriptBuildPhase section */
		348992707EC391065097F6A0 /* Check Pods Manifest.lock */ = {
			isa = PBXShellScriptBuildPhase;
			buildActionMask = 2147483647;
			files = (
			);
			inputPaths = (
			);
			name = "Check Pods Manifest.lock";
			outputPaths = (
			);
			runOnlyForDeploymentPostprocessing = 0;
			shellPath = /bin/sh;
			shellScript = "diff \"${PODS_ROOT}/../Podfile.lock\" \"${PODS_ROOT}/Manifest.lock\" > /dev/null\nif [[ $? != 0 ]] ; then\n    cat << EOM\nerror: The sandbox is not in sync with the Podfile.lock. Run 'pod install' or update your CocoaPods installation.\nEOM\n    exit 1\nfi\n";
			showEnvVarsInLog = 0;
		};
		E32EB000934E5CD2E2E021D1 /* Embed Pods Frameworks */ = {
			isa = PBXShellScriptBuildPhase;
			buildActionMask = 2147483647;
			files = (
			);
			inputPaths = (
			);
			name = "Embed Pods Frameworks";
			outputPaths = (
			);
			runOnlyForDeploymentPostprocessing = 0;
			shellPath = /bin/sh;
			shellScript = "\"${SRCROOT}/Pods/Target Support Files/Pods/Pods-frameworks.sh\"\n";
			showEnvVarsInLog = 0;
		};
		E6A597B6BEC2A1B7633F4397 /* Copy Pods Resources */ = {
			isa = PBXShellScriptBuildPhase;
			buildActionMask = 2147483647;
			files = (
			);
			inputPaths = (
			);
			name = "Copy Pods Resources";
			outputPaths = (
			);
			runOnlyForDeploymentPostprocessing = 0;
			shellPath = /bin/sh;
			shellScript = "\"${SRCROOT}/Pods/Target Support Files/Pods/Pods-resources.sh\"\n";
			showEnvVarsInLog = 0;
		};
/* End PBXShellScriptBuildPhase section */

/* Begin PBXSourcesBuildPhase section */
		CF2A371B1BA4819300EC2455 /* Sources */ = {
			isa = PBXSourcesBuildPhase;
			buildActionMask = 2147483647;
			files = (
				CF2A37271BA4819300EC2455 /* ViewController.swift in Sources */,
				CF2A37251BA4819300EC2455 /* AppDelegate.swift in Sources */,
			);
			runOnlyForDeploymentPostprocessing = 0;
		};
		CF2A37301BA4819300EC2455 /* Sources */ = {
			isa = PBXSourcesBuildPhase;
			buildActionMask = 2147483647;
			files = (
				CF2A373B1BA4819300EC2455 /* wish_getTests.swift in Sources */,
			);
			runOnlyForDeploymentPostprocessing = 0;
		};
/* End PBXSourcesBuildPhase section */

/* Begin PBXTargetDependency section */
		CF2A37361BA4819300EC2455 /* PBXTargetDependency */ = {
			isa = PBXTargetDependency;
			target = CF2A371E1BA4819300EC2455 /* wish&get */;
			targetProxy = CF2A37351BA4819300EC2455 /* PBXContainerItemProxy */;
		};
/* End PBXTargetDependency section */

/* Begin PBXVariantGroup section */
		CF2A37281BA4819300EC2455 /* Main.storyboard */ = {
			isa = PBXVariantGroup;
			children = (
				CF2A37291BA4819300EC2455 /* Base */,
			);
			name = Main.storyboard;
			sourceTree = "<group>";
		};
		CF2A372D1BA4819300EC2455 /* LaunchScreen.xib */ = {
			isa = PBXVariantGroup;
			children = (
				CF2A372E1BA4819300EC2455 /* Base */,
			);
			name = LaunchScreen.xib;
			sourceTree = "<group>";
		};
/* End PBXVariantGroup section */

/* Begin XCBuildConfiguration section */
		CF2A373C1BA4819300EC2455 /* Debug */ = {
			isa = XCBuildConfiguration;
			buildSettings = {
				ALWAYS_SEARCH_USER_PATHS = NO;
				CLANG_CXX_LANGUAGE_STANDARD = "gnu++0x";
				CLANG_CXX_LIBRARY = "libc++";
				CLANG_ENABLE_MODULES = YES;
				CLANG_ENABLE_OBJC_ARC = YES;
				CLANG_WARN_BOOL_CONVERSION = YES;
				CLANG_WARN_CONSTANT_CONVERSION = YES;
				CLANG_WARN_DIRECT_OBJC_ISA_USAGE = YES_ERROR;
				CLANG_WARN_EMPTY_BODY = YES;
				CLANG_WARN_ENUM_CONVERSION = YES;
				CLANG_WARN_INT_CONVERSION = YES;
				CLANG_WARN_OBJC_ROOT_CLASS = YES_ERROR;
				CLANG_WARN_UNREACHABLE_CODE = YES;
				CLANG_WARN__DUPLICATE_METHOD_MATCH = YES;
				"CODE_SIGN_IDENTITY[sdk=iphoneos*]" = "iPhone Developer";
				COPY_PHASE_STRIP = NO;
				DEBUG_INFORMATION_FORMAT = "dwarf-with-dsym";
				ENABLE_STRICT_OBJC_MSGSEND = YES;
				GCC_C_LANGUAGE_STANDARD = gnu99;
				GCC_DYNAMIC_NO_PIC = NO;
				GCC_NO_COMMON_BLOCKS = YES;
				GCC_OPTIMIZATION_LEVEL = 0;
				GCC_PREPROCESSOR_DEFINITIONS = (
					"DEBUG=1",
					"$(inherited)",
				);
				GCC_SYMBOLS_PRIVATE_EXTERN = NO;
				GCC_WARN_64_TO_32_BIT_CONVERSION = YES;
				GCC_WARN_ABOUT_RETURN_TYPE = YES_ERROR;
				GCC_WARN_UNDECLARED_SELECTOR = YES;
				GCC_WARN_UNINITIALIZED_AUTOS = YES_AGGRESSIVE;
				GCC_WARN_UNUSED_FUNCTION = YES;
				GCC_WARN_UNUSED_VARIABLE = YES;
				IPHONEOS_DEPLOYMENT_TARGET = 8.4;
				MTL_ENABLE_DEBUG_INFO = YES;
				ONLY_ACTIVE_ARCH = YES;
				SDKROOT = iphoneos;
				SWIFT_OPTIMIZATION_LEVEL = "-Onone";
			};
			name = Debug;
		};
		CF2A373D1BA4819300EC2455 /* Release */ = {
			isa = XCBuildConfiguration;
			buildSettings = {
				ALWAYS_SEARCH_USER_PATHS = NO;
				CLANG_CXX_LANGUAGE_STANDARD = "gnu++0x";
				CLANG_CXX_LIBRARY = "libc++";
				CLANG_ENABLE_MODULES = YES;
				CLANG_ENABLE_OBJC_ARC = YES;
				CLANG_WARN_BOOL_CONVERSION = YES;
				CLANG_WARN_CONSTANT_CONVERSION = YES;
				CLANG_WARN_DIRECT_OBJC_ISA_USAGE = YES_ERROR;
				CLANG_WARN_EMPTY_BODY = YES;
				CLANG_WARN_ENUM_CONVERSION = YES;
				CLANG_WARN_INT_CONVERSION = YES;
				CLANG_WARN_OBJC_ROOT_CLASS = YES_ERROR;
				CLANG_WARN_UNREACHABLE_CODE = YES;
				CLANG_WARN__DUPLICATE_METHOD_MATCH = YES;
				"CODE_SIGN_IDENTITY[sdk=iphoneos*]" = "iPhone Developer";
				COPY_PHASE_STRIP = NO;
				DEBUG_INFORMATION_FORMAT = "dwarf-with-dsym";
				ENABLE_NS_ASSERTIONS = NO;
				ENABLE_STRICT_OBJC_MSGSEND = YES;
				GCC_C_LANGUAGE_STANDARD = gnu99;
				GCC_NO_COMMON_BLOCKS = YES;
				GCC_WARN_64_TO_32_BIT_CONVERSION = YES;
				GCC_WARN_ABOUT_RETURN_TYPE = YES_ERROR;
				GCC_WARN_UNDECLARED_SELECTOR = YES;
				GCC_WARN_UNINITIALIZED_AUTOS = YES_AGGRESSIVE;
				GCC_WARN_UNUSED_FUNCTION = YES;
				GCC_WARN_UNUSED_VARIABLE = YES;
				IPHONEOS_DEPLOYMENT_TARGET = 8.4;
				MTL_ENABLE_DEBUG_INFO = NO;
				SDKROOT = iphoneos;
				VALIDATE_PRODUCT = YES;
			};
			name = Release;
		};
		CF2A373F1BA4819300EC2455 /* Debug */ = {
			isa = XCBuildConfiguration;
			baseConfigurationReference = 23644F9793B9ECC9C69D01BC /* Pods.debug.xcconfig */;
			buildSettings = {
				ASSETCATALOG_COMPILER_APPICON_NAME = AppIcon;
				INFOPLIST_FILE = "wish&get/Info.plist";
				LD_RUNPATH_SEARCH_PATHS = "$(inherited) @executable_path/Frameworks";
				PRODUCT_NAME = "$(TARGET_NAME)";
			};
			name = Debug;
		};
		CF2A37401BA4819300EC2455 /* Release */ = {
			isa = XCBuildConfiguration;
			baseConfigurationReference = 8908AE33868C1B7981AD401F /* Pods.release.xcconfig */;
			buildSettings = {
				ASSETCATALOG_COMPILER_APPICON_NAME = AppIcon;
				INFOPLIST_FILE = "wish&get/Info.plist";
				LD_RUNPATH_SEARCH_PATHS = "$(inherited) @executable_path/Frameworks";
				PRODUCT_NAME = "$(TARGET_NAME)";
			};
			name = Release;
		};
		CF2A37421BA4819300EC2455 /* Debug */ = {
			isa = XCBuildConfiguration;
			buildSettings = {
				BUNDLE_LOADER = "$(TEST_HOST)";
				FRAMEWORK_SEARCH_PATHS = (
					"$(SDKROOT)/Developer/Library/Frameworks",
					"$(inherited)",
				);
				GCC_PREPROCESSOR_DEFINITIONS = (
					"DEBUG=1",
					"$(inherited)",
				);
				INFOPLIST_FILE = "wish&getTests/Info.plist";
				LD_RUNPATH_SEARCH_PATHS = "$(inherited) @executable_path/Frameworks @loader_path/Frameworks";
				PRODUCT_NAME = "$(TARGET_NAME)";
				TEST_HOST = "$(BUILT_PRODUCTS_DIR)/wish&get.app/wish&get";
			};
			name = Debug;
		};
		CF2A37431BA4819300EC2455 /* Release */ = {
			isa = XCBuildConfiguration;
			buildSettings = {
				BUNDLE_LOADER = "$(TEST_HOST)";
				FRAMEWORK_SEARCH_PATHS = (
					"$(SDKROOT)/Developer/Library/Frameworks",
					"$(inherited)",
				);
				INFOPLIST_FILE = "wish&getTests/Info.plist";
				LD_RUNPATH_SEARCH_PATHS = "$(inherited) @executable_path/Frameworks @loader_path/Frameworks";
				PRODUCT_NAME = "$(TARGET_NAME)";
				TEST_HOST = "$(BUILT_PRODUCTS_DIR)/wish&get.app/wish&get";
			};
			name = Release;
		};
/* End XCBuildConfiguration section */

/* Begin XCConfigurationList section */
		CF2A371A1BA4819300EC2455 /* Build configuration list for PBXProject "wish&get" */ = {
			isa = XCConfigurationList;
			buildConfigurations = (
				CF2A373C1BA4819300EC2455 /* Debug */,
				CF2A373D1BA4819300EC2455 /* Release */,
			);
			defaultConfigurationIsVisible = 0;
			defaultConfigurationName = Release;
		};
		CF2A373E1BA4819300EC2455 /* Build configuration list for PBXNativeTarget "wish&get" */ = {
			isa = XCConfigurationList;
			buildConfigurations = (
				CF2A373F1BA4819300EC2455 /* Debug */,
				CF2A37401BA4819300EC2455 /* Release */,
			);
			defaultConfigurationIsVisible = 0;
			defaultConfigurationName = Release;
		};
		CF2A37411BA4819300EC2455 /* Build configuration list for PBXNativeTarget "wish&getTests" */ = {
			isa = XCConfigurationList;
			buildConfigurations = (
				CF2A37421BA4819300EC2455 /* Debug */,
				CF2A37431BA4819300EC2455 /* Release */,
			);
			defaultConfigurationIsVisible = 0;
			defaultConfigurationName = Release;
		};
/* End XCConfigurationList section */
	};
	rootObject = CF2A37171BA4819300EC2455 /* Project object */;
}
