// !$*UTF8*$!
{
	archiveVersion = 1;
	classes = {
	};
	objectVersion = 46;
	objects = {

/* Begin PBXBuildFile section */
		B8EE66721BA49D6C00AB4760 /* Pages.storyboard in Resources */ = {isa = PBXBuildFile; fileRef = B8EE66711BA49D6C00AB4760 /* Pages.storyboard */; };
		CF2A37531BA4836A00EC2455 /* AppDelegate.swift in Sources */ = {isa = PBXBuildFile; fileRef = CF2A37521BA4836A00EC2455 /* AppDelegate.swift */; };
		CF2A37551BA4836A00EC2455 /* ViewController.swift in Sources */ = {isa = PBXBuildFile; fileRef = CF2A37541BA4836A00EC2455 /* ViewController.swift */; };
		CF2A37581BA4836A00EC2455 /* Main.storyboard in Resources */ = {isa = PBXBuildFile; fileRef = CF2A37561BA4836A00EC2455 /* Main.storyboard */; };
		CF2A375A1BA4836A00EC2455 /* Images.xcassets in Resources */ = {isa = PBXBuildFile; fileRef = CF2A37591BA4836A00EC2455 /* Images.xcassets */; };
		CF2A375D1BA4836A00EC2455 /* LaunchScreen.xib in Resources */ = {isa = PBXBuildFile; fileRef = CF2A375B1BA4836A00EC2455 /* LaunchScreen.xib */; };
		CF2A37691BA4836A00EC2455 /* wishNgiveTests.swift in Sources */ = {isa = PBXBuildFile; fileRef = CF2A37681BA4836A00EC2455 /* wishNgiveTests.swift */; };
		CF2A37781BA48D1800EC2455 /* FBSDKCoreKit.framework in Frameworks */ = {isa = PBXBuildFile; fileRef = CF2A37741BA48D1800EC2455 /* FBSDKCoreKit.framework */; };
		CF2A37791BA48D1800EC2455 /* FBSDKLoginKit.framework in Frameworks */ = {isa = PBXBuildFile; fileRef = CF2A37751BA48D1800EC2455 /* FBSDKLoginKit.framework */; };
		CF2A377A1BA48D1800EC2455 /* FBSDKShareKit.framework in Frameworks */ = {isa = PBXBuildFile; fileRef = CF2A37761BA48D1800EC2455 /* FBSDKShareKit.framework */; };
		D32734071BA4ADEE00799D57 /* HomeViewController.swift in Sources */ = {isa = PBXBuildFile; fileRef = D32734061BA4ADEE00799D57 /* HomeViewController.swift */; };
		D327340A1BA4AE1800799D57 /* WishViewController.swift in Sources */ = {isa = PBXBuildFile; fileRef = D32734091BA4AE1800799D57 /* WishViewController.swift */; };
		D327340C1BA4AE2800799D57 /* GiftViewController.swift in Sources */ = {isa = PBXBuildFile; fileRef = D327340B1BA4AE2800799D57 /* GiftViewController.swift */; };
		D327340E1BA4AE3700799D57 /* FindFriendsViewController.swift in Sources */ = {isa = PBXBuildFile; fileRef = D327340D1BA4AE3700799D57 /* FindFriendsViewController.swift */; };
/* End PBXBuildFile section */

/* Begin PBXContainerItemProxy section */
		CF2A37631BA4836A00EC2455 /* PBXContainerItemProxy */ = {
			isa = PBXContainerItemProxy;
			containerPortal = CF2A37451BA4836A00EC2455 /* Project object */;
			proxyType = 1;
			remoteGlobalIDString = CF2A374C1BA4836A00EC2455;
			remoteInfo = wishNgive;
		};
/* End PBXContainerItemProxy section */

/* Begin PBXFileReference section */
		B8EE66711BA49D6C00AB4760 /* Pages.storyboard */ = {isa = PBXFileReference; fileEncoding = 4; lastKnownFileType = file.storyboard; path = Pages.storyboard; sourceTree = "<group>"; };
		CF2A374D1BA4836A00EC2455 /* wishNgive.app */ = {isa = PBXFileReference; explicitFileType = wrapper.application; includeInIndex = 0; path = wishNgive.app; sourceTree = BUILT_PRODUCTS_DIR; };
		CF2A37511BA4836A00EC2455 /* Info.plist */ = {isa = PBXFileReference; lastKnownFileType = text.plist.xml; path = Info.plist; sourceTree = "<group>"; };
		CF2A37521BA4836A00EC2455 /* AppDelegate.swift */ = {isa = PBXFileReference; lastKnownFileType = sourcecode.swift; path = AppDelegate.swift; sourceTree = "<group>"; };
		CF2A37541BA4836A00EC2455 /* ViewController.swift */ = {isa = PBXFileReference; lastKnownFileType = sourcecode.swift; path = ViewController.swift; sourceTree = "<group>"; };
		CF2A37571BA4836A00EC2455 /* Base */ = {isa = PBXFileReference; lastKnownFileType = file.storyboard; name = Base; path = Base.lproj/Main.storyboard; sourceTree = "<group>"; };
		CF2A37591BA4836A00EC2455 /* Images.xcassets */ = {isa = PBXFileReference; lastKnownFileType = folder.assetcatalog; path = Images.xcassets; sourceTree = "<group>"; };
		CF2A375C1BA4836A00EC2455 /* Base */ = {isa = PBXFileReference; lastKnownFileType = file.xib; name = Base; path = Base.lproj/LaunchScreen.xib; sourceTree = "<group>"; };
		CF2A37621BA4836A00EC2455 /* wishNgiveTests.xctest */ = {isa = PBXFileReference; explicitFileType = wrapper.cfbundle; includeInIndex = 0; path = wishNgiveTests.xctest; sourceTree = BUILT_PRODUCTS_DIR; };
		CF2A37671BA4836A00EC2455 /* Info.plist */ = {isa = PBXFileReference; lastKnownFileType = text.plist.xml; path = Info.plist; sourceTree = "<group>"; };
		CF2A37681BA4836A00EC2455 /* wishNgiveTests.swift */ = {isa = PBXFileReference; lastKnownFileType = sourcecode.swift; path = wishNgiveTests.swift; sourceTree = "<group>"; };
		CF2A37721BA4887C00EC2455 /* Bridging-Header.h */ = {isa = PBXFileReference; lastKnownFileType = sourcecode.c.h; path = "Bridging-Header.h"; sourceTree = "<group>"; };
		CF2A37741BA48D1800EC2455 /* FBSDKCoreKit.framework */ = {isa = PBXFileReference; lastKnownFileType = wrapper.framework; name = FBSDKCoreKit.framework; path = wishNgive/FBSDKCoreKit.framework; sourceTree = "<group>"; };
		CF2A37751BA48D1800EC2455 /* FBSDKLoginKit.framework */ = {isa = PBXFileReference; lastKnownFileType = wrapper.framework; name = FBSDKLoginKit.framework; path = wishNgive/FBSDKLoginKit.framework; sourceTree = "<group>"; };
		CF2A37761BA48D1800EC2455 /* FBSDKShareKit.framework */ = {isa = PBXFileReference; lastKnownFileType = wrapper.framework; name = FBSDKShareKit.framework; path = wishNgive/FBSDKShareKit.framework; sourceTree = "<group>"; };
		D32734061BA4ADEE00799D57 /* HomeViewController.swift */ = {isa = PBXFileReference; fileEncoding = 4; lastKnownFileType = sourcecode.swift; path = HomeViewController.swift; sourceTree = "<group>"; };
		D32734091BA4AE1800799D57 /* WishViewController.swift */ = {isa = PBXFileReference; fileEncoding = 4; lastKnownFileType = sourcecode.swift; path = WishViewController.swift; sourceTree = "<group>"; };
		D327340B1BA4AE2800799D57 /* GiftViewController.swift */ = {isa = PBXFileReference; fileEncoding = 4; lastKnownFileType = sourcecode.swift; path = GiftViewController.swift; sourceTree = "<group>"; };
		D327340D1BA4AE3700799D57 /* FindFriendsViewController.swift */ = {isa = PBXFileReference; fileEncoding = 4; lastKnownFileType = sourcecode.swift; path = FindFriendsViewController.swift; sourceTree = "<group>"; };
/* End PBXFileReference section */

/* Begin PBXFrameworksBuildPhase section */
		CF2A374A1BA4836A00EC2455 /* Frameworks */ = {
			isa = PBXFrameworksBuildPhase;
			buildActionMask = 2147483647;
			files = (
				CF2A37781BA48D1800EC2455 /* FBSDKCoreKit.framework in Frameworks */,
				CF2A377A1BA48D1800EC2455 /* FBSDKShareKit.framework in Frameworks */,
				CF2A37791BA48D1800EC2455 /* FBSDKLoginKit.framework in Frameworks */,
			);
			runOnlyForDeploymentPostprocessing = 0;
		};
		CF2A375F1BA4836A00EC2455 /* Frameworks */ = {
			isa = PBXFrameworksBuildPhase;
			buildActionMask = 2147483647;
			files = (
			);
			runOnlyForDeploymentPostprocessing = 0;
		};
/* End PBXFrameworksBuildPhase section */

/* Begin PBXGroup section */
		13A705BDEB1A557928344EE0 /* Frameworks */ = {
			isa = PBXGroup;
			children = (
				CF2A37741BA48D1800EC2455 /* FBSDKCoreKit.framework */,
				CF2A37751BA48D1800EC2455 /* FBSDKLoginKit.framework */,
				CF2A37761BA48D1800EC2455 /* FBSDKShareKit.framework */,
			);
			name = Frameworks;
			sourceTree = "<group>";
		};
		CF2A37441BA4836A00EC2455 = {
			isa = PBXGroup;
			children = (
				CF2A374F1BA4836A00EC2455 /* wishNgive */,
				CF2A37651BA4836A00EC2455 /* wishNgiveTests */,
				CF2A374E1BA4836A00EC2455 /* Products */,
				13A705BDEB1A557928344EE0 /* Frameworks */,
			);
			sourceTree = "<group>";
		};
		CF2A374E1BA4836A00EC2455 /* Products */ = {
			isa = PBXGroup;
			children = (
				CF2A374D1BA4836A00EC2455 /* wishNgive.app */,
				CF2A37621BA4836A00EC2455 /* wishNgiveTests.xctest */,
			);
			name = Products;
			sourceTree = "<group>";
		};
		CF2A374F1BA4836A00EC2455 /* wishNgive */ = {
			isa = PBXGroup;
			children = (
				D32734081BA4ADFB00799D57 /* PagesViewController */,
				CF2A37521BA4836A00EC2455 /* AppDelegate.swift */,
				CF2A37541BA4836A00EC2455 /* ViewController.swift */,
				CF2A37561BA4836A00EC2455 /* Main.storyboard */,
				B8EE66711BA49D6C00AB4760 /* Pages.storyboard */,
				CF2A37721BA4887C00EC2455 /* Bridging-Header.h */,
				CF2A37591BA4836A00EC2455 /* Images.xcassets */,
				CF2A375B1BA4836A00EC2455 /* LaunchScreen.xib */,
				CF2A37501BA4836A00EC2455 /* Supporting Files */,
			);
			path = wishNgive;
			sourceTree = "<group>";
		};
		CF2A37501BA4836A00EC2455 /* Supporting Files */ = {
			isa = PBXGroup;
			children = (
				CF2A37511BA4836A00EC2455 /* Info.plist */,
			);
			name = "Supporting Files";
			sourceTree = "<group>";
		};
		CF2A37651BA4836A00EC2455 /* wishNgiveTests */ = {
			isa = PBXGroup;
			children = (
				CF2A37681BA4836A00EC2455 /* wishNgiveTests.swift */,
				CF2A37661BA4836A00EC2455 /* Supporting Files */,
			);
			path = wishNgiveTests;
			sourceTree = "<group>";
		};
		CF2A37661BA4836A00EC2455 /* Supporting Files */ = {
			isa = PBXGroup;
			children = (
				CF2A37671BA4836A00EC2455 /* Info.plist */,
			);
			name = "Supporting Files";
			sourceTree = "<group>";
		};
		D32734081BA4ADFB00799D57 /* PagesViewController */ = {
			isa = PBXGroup;
			children = (
				D32734061BA4ADEE00799D57 /* HomeViewController.swift */,
				D32734091BA4AE1800799D57 /* WishViewController.swift */,
				D327340B1BA4AE2800799D57 /* GiftViewController.swift */,
				D327340D1BA4AE3700799D57 /* FindFriendsViewController.swift */,
			);
			name = PagesViewController;
			sourceTree = "<group>";
		};
/* End PBXGroup section */

/* Begin PBXNativeTarget section */
		CF2A374C1BA4836A00EC2455 /* wishNgive */ = {
			isa = PBXNativeTarget;
			buildConfigurationList = CF2A376C1BA4836A00EC2455 /* Build configuration list for PBXNativeTarget "wishNgive" */;
			buildPhases = (
				CF2A37491BA4836A00EC2455 /* Sources */,
				CF2A374A1BA4836A00EC2455 /* Frameworks */,
				CF2A374B1BA4836A00EC2455 /* Resources */,
			);
			buildRules = (
			);
			dependencies = (
			);
			name = wishNgive;
			productName = wishNgive;
			productReference = CF2A374D1BA4836A00EC2455 /* wishNgive.app */;
			productType = "com.apple.product-type.application";
		};
		CF2A37611BA4836A00EC2455 /* wishNgiveTests */ = {
			isa = PBXNativeTarget;
			buildConfigurationList = CF2A376F1BA4836A00EC2455 /* Build configuration list for PBXNativeTarget "wishNgiveTests" */;
			buildPhases = (
				CF2A375E1BA4836A00EC2455 /* Sources */,
				CF2A375F1BA4836A00EC2455 /* Frameworks */,
				CF2A37601BA4836A00EC2455 /* Resources */,
			);
			buildRules = (
			);
			dependencies = (
				CF2A37641BA4836A00EC2455 /* PBXTargetDependency */,
			);
			name = wishNgiveTests;
			productName = wishNgiveTests;
			productReference = CF2A37621BA4836A00EC2455 /* wishNgiveTests.xctest */;
			productType = "com.apple.product-type.bundle.unit-test";
		};
/* End PBXNativeTarget section */

/* Begin PBXProject section */
		CF2A37451BA4836A00EC2455 /* Project object */ = {
			isa = PBXProject;
			attributes = {
				LastUpgradeCheck = 0640;
				ORGANIZATIONNAME = "div-hack";
				TargetAttributes = {
					CF2A374C1BA4836A00EC2455 = {
						CreatedOnToolsVersion = 6.4;
					};
					CF2A37611BA4836A00EC2455 = {
						CreatedOnToolsVersion = 6.4;
						TestTargetID = CF2A374C1BA4836A00EC2455;
					};
				};
			};
			buildConfigurationList = CF2A37481BA4836A00EC2455 /* Build configuration list for PBXProject "wishNgive" */;
			compatibilityVersion = "Xcode 3.2";
			developmentRegion = English;
			hasScannedForEncodings = 0;
			knownRegions = (
				en,
				Base,
			);
			mainGroup = CF2A37441BA4836A00EC2455;
			productRefGroup = CF2A374E1BA4836A00EC2455 /* Products */;
			projectDirPath = "";
			projectRoot = "";
			targets = (
				CF2A374C1BA4836A00EC2455 /* wishNgive */,
				CF2A37611BA4836A00EC2455 /* wishNgiveTests */,
			);
		};
/* End PBXProject section */

/* Begin PBXResourcesBuildPhase section */
		CF2A374B1BA4836A00EC2455 /* Resources */ = {
			isa = PBXResourcesBuildPhase;
			buildActionMask = 2147483647;
			files = (
				CF2A37581BA4836A00EC2455 /* Main.storyboard in Resources */,
				CF2A375D1BA4836A00EC2455 /* LaunchScreen.xib in Resources */,
				CF2A375A1BA4836A00EC2455 /* Images.xcassets in Resources */,
				B8EE66721BA49D6C00AB4760 /* Pages.storyboard in Resources */,
			);
			runOnlyForDeploymentPostprocessing = 0;
		};
		CF2A37601BA4836A00EC2455 /* Resources */ = {
			isa = PBXResourcesBuildPhase;
			buildActionMask = 2147483647;
			files = (
			);
			runOnlyForDeploymentPostprocessing = 0;
		};
/* End PBXResourcesBuildPhase section */

/* Begin PBXSourcesBuildPhase section */
		CF2A37491BA4836A00EC2455 /* Sources */ = {
			isa = PBXSourcesBuildPhase;
			buildActionMask = 2147483647;
			files = (
				CF2A37551BA4836A00EC2455 /* ViewController.swift in Sources */,
				D327340A1BA4AE1800799D57 /* WishViewController.swift in Sources */,
				CF2A37531BA4836A00EC2455 /* AppDelegate.swift in Sources */,
				D327340C1BA4AE2800799D57 /* GiftViewController.swift in Sources */,
				D32734071BA4ADEE00799D57 /* HomeViewController.swift in Sources */,
				D327340E1BA4AE3700799D57 /* FindFriendsViewController.swift in Sources */,
			);
			runOnlyForDeploymentPostprocessing = 0;
		};
		CF2A375E1BA4836A00EC2455 /* Sources */ = {
			isa = PBXSourcesBuildPhase;
			buildActionMask = 2147483647;
			files = (
				CF2A37691BA4836A00EC2455 /* wishNgiveTests.swift in Sources */,
			);
			runOnlyForDeploymentPostprocessing = 0;
		};
/* End PBXSourcesBuildPhase section */

/* Begin PBXTargetDependency section */
		CF2A37641BA4836A00EC2455 /* PBXTargetDependency */ = {
			isa = PBXTargetDependency;
			target = CF2A374C1BA4836A00EC2455 /* wishNgive */;
			targetProxy = CF2A37631BA4836A00EC2455 /* PBXContainerItemProxy */;
		};
/* End PBXTargetDependency section */

/* Begin PBXVariantGroup section */
		CF2A37561BA4836A00EC2455 /* Main.storyboard */ = {
			isa = PBXVariantGroup;
			children = (
				CF2A37571BA4836A00EC2455 /* Base */,
			);
			name = Main.storyboard;
			sourceTree = "<group>";
		};
		CF2A375B1BA4836A00EC2455 /* LaunchScreen.xib */ = {
			isa = PBXVariantGroup;
			children = (
				CF2A375C1BA4836A00EC2455 /* Base */,
			);
			name = LaunchScreen.xib;
			sourceTree = "<group>";
		};
/* End PBXVariantGroup section */

/* Begin XCBuildConfiguration section */
		CF2A376A1BA4836A00EC2455 /* Debug */ = {
			isa = XCBuildConfiguration;
			buildSettings = {
				ALWAYS_SEARCH_USER_PATHS = NO;
				CLANG_CXX_LANGUAGE_STANDARD = "gnu++0x";
				CLANG_CXX_LIBRARY = "libc++";
				CLANG_ENABLE_MODULES = YES;
				CLANG_ENABLE_OBJC_ARC = YES;
				CLANG_WARN_BOOL_CONVERSION = YES;
				CLANG_WARN_CONSTANT_CONVERSION = YES;
				CLANG_WARN_DIRECT_OBJC_ISA_USAGE = YES_ERROR;
				CLANG_WARN_EMPTY_BODY = YES;
				CLANG_WARN_ENUM_CONVERSION = YES;
				CLANG_WARN_INT_CONVERSION = YES;
				CLANG_WARN_OBJC_ROOT_CLASS = YES_ERROR;
				CLANG_WARN_UNREACHABLE_CODE = YES;
				CLANG_WARN__DUPLICATE_METHOD_MATCH = YES;
				"CODE_SIGN_IDENTITY[sdk=iphoneos*]" = "iPhone Developer";
				COPY_PHASE_STRIP = NO;
				DEBUG_INFORMATION_FORMAT = "dwarf-with-dsym";
				ENABLE_STRICT_OBJC_MSGSEND = YES;
				GCC_C_LANGUAGE_STANDARD = gnu99;
				GCC_DYNAMIC_NO_PIC = NO;
				GCC_NO_COMMON_BLOCKS = YES;
				GCC_OPTIMIZATION_LEVEL = 0;
				GCC_PREPROCESSOR_DEFINITIONS = (
					"DEBUG=1",
					"$(inherited)",
				);
				GCC_SYMBOLS_PRIVATE_EXTERN = NO;
				GCC_WARN_64_TO_32_BIT_CONVERSION = YES;
				GCC_WARN_ABOUT_RETURN_TYPE = YES_ERROR;
				GCC_WARN_UNDECLARED_SELECTOR = YES;
				GCC_WARN_UNINITIALIZED_AUTOS = YES_AGGRESSIVE;
				GCC_WARN_UNUSED_FUNCTION = YES;
				GCC_WARN_UNUSED_VARIABLE = YES;
				IPHONEOS_DEPLOYMENT_TARGET = 8.4;
				MTL_ENABLE_DEBUG_INFO = YES;
				ONLY_ACTIVE_ARCH = YES;
				SDKROOT = iphoneos;
				SWIFT_OPTIMIZATION_LEVEL = "-Onone";
			};
			name = Debug;
		};
		CF2A376B1BA4836A00EC2455 /* Release */ = {
			isa = XCBuildConfiguration;
			buildSettings = {
				ALWAYS_SEARCH_USER_PATHS = NO;
				CLANG_CXX_LANGUAGE_STANDARD = "gnu++0x";
				CLANG_CXX_LIBRARY = "libc++";
				CLANG_ENABLE_MODULES = YES;
				CLANG_ENABLE_OBJC_ARC = YES;
				CLANG_WARN_BOOL_CONVERSION = YES;
				CLANG_WARN_CONSTANT_CONVERSION = YES;
				CLANG_WARN_DIRECT_OBJC_ISA_USAGE = YES_ERROR;
				CLANG_WARN_EMPTY_BODY = YES;
				CLANG_WARN_ENUM_CONVERSION = YES;
				CLANG_WARN_INT_CONVERSION = YES;
				CLANG_WARN_OBJC_ROOT_CLASS = YES_ERROR;
				CLANG_WARN_UNREACHABLE_CODE = YES;
				CLANG_WARN__DUPLICATE_METHOD_MATCH = YES;
				"CODE_SIGN_IDENTITY[sdk=iphoneos*]" = "iPhone Developer";
				COPY_PHASE_STRIP = NO;
				DEBUG_INFORMATION_FORMAT = "dwarf-with-dsym";
				ENABLE_NS_ASSERTIONS = NO;
				ENABLE_STRICT_OBJC_MSGSEND = YES;
				GCC_C_LANGUAGE_STANDARD = gnu99;
				GCC_NO_COMMON_BLOCKS = YES;
				GCC_WARN_64_TO_32_BIT_CONVERSION = YES;
				GCC_WARN_ABOUT_RETURN_TYPE = YES_ERROR;
				GCC_WARN_UNDECLARED_SELECTOR = YES;
				GCC_WARN_UNINITIALIZED_AUTOS = YES_AGGRESSIVE;
				GCC_WARN_UNUSED_FUNCTION = YES;
				GCC_WARN_UNUSED_VARIABLE = YES;
				IPHONEOS_DEPLOYMENT_TARGET = 8.4;
				MTL_ENABLE_DEBUG_INFO = NO;
				SDKROOT = iphoneos;
				VALIDATE_PRODUCT = YES;
			};
			name = Release;
		};
		CF2A376D1BA4836A00EC2455 /* Debug */ = {
			isa = XCBuildConfiguration;
			buildSettings = {
				ASSETCATALOG_COMPILER_APPICON_NAME = AppIcon;
				FRAMEWORK_SEARCH_PATHS = (
					"$(inherited)",
					"$(PROJECT_DIR)/wishNgive",
					"$(PROJECT_DIR)/build/Debug-iphoneos",
				);
				INFOPLIST_FILE = wishNgive/Info.plist;
				LD_RUNPATH_SEARCH_PATHS = "$(inherited) @executable_path/Frameworks";
				PRODUCT_NAME = "$(TARGET_NAME)";
				SWIFT_INCLUDE_PATHS = "User Header Search Paths : Pods/**";
				SWIFT_OBJC_BRIDGING_HEADER = "wishNgive/Bridging-Header.h";
			};
			name = Debug;
		};
		CF2A376E1BA4836A00EC2455 /* Release */ = {
			isa = XCBuildConfiguration;
			buildSettings = {
				ASSETCATALOG_COMPILER_APPICON_NAME = AppIcon;
				FRAMEWORK_SEARCH_PATHS = (
					"$(inherited)",
					"$(PROJECT_DIR)/wishNgive",
					"$(PROJECT_DIR)/build/Debug-iphoneos",
				);
				INFOPLIST_FILE = wishNgive/Info.plist;
				LD_RUNPATH_SEARCH_PATHS = "$(inherited) @executable_path/Frameworks";
				PRODUCT_NAME = "$(TARGET_NAME)";
				SWIFT_INCLUDE_PATHS = "User Header Search Paths : Pods/**";
				SWIFT_OBJC_BRIDGING_HEADER = "wishNgive/Bridging-Header.h";
			};
			name = Release;
		};
		CF2A37701BA4836A00EC2455 /* Debug */ = {
			isa = XCBuildConfiguration;
			buildSettings = {
				BUNDLE_LOADER = "$(TEST_HOST)";
				FRAMEWORK_SEARCH_PATHS = (
					"$(SDKROOT)/Developer/Library/Frameworks",
					"$(inherited)",
				);
				GCC_PREPROCESSOR_DEFINITIONS = (
					"DEBUG=1",
					"$(inherited)",
				);
				INFOPLIST_FILE = wishNgiveTests/Info.plist;
				LD_RUNPATH_SEARCH_PATHS = "$(inherited) @executable_path/Frameworks @loader_path/Frameworks";
				PRODUCT_NAME = "$(TARGET_NAME)";
				TEST_HOST = "$(BUILT_PRODUCTS_DIR)/wishNgive.app/wishNgive";
			};
			name = Debug;
		};
		CF2A37711BA4836A00EC2455 /* Release */ = {
			isa = XCBuildConfiguration;
			buildSettings = {
				BUNDLE_LOADER = "$(TEST_HOST)";
				FRAMEWORK_SEARCH_PATHS = (
					"$(SDKROOT)/Developer/Library/Frameworks",
					"$(inherited)",
				);
				INFOPLIST_FILE = wishNgiveTests/Info.plist;
				LD_RUNPATH_SEARCH_PATHS = "$(inherited) @executable_path/Frameworks @loader_path/Frameworks";
				PRODUCT_NAME = "$(TARGET_NAME)";
				TEST_HOST = "$(BUILT_PRODUCTS_DIR)/wishNgive.app/wishNgive";
			};
			name = Release;
		};
/* End XCBuildConfiguration section */

/* Begin XCConfigurationList section */
		CF2A37481BA4836A00EC2455 /* Build configuration list for PBXProject "wishNgive" */ = {
			isa = XCConfigurationList;
			buildConfigurations = (
				CF2A376A1BA4836A00EC2455 /* Debug */,
				CF2A376B1BA4836A00EC2455 /* Release */,
			);
			defaultConfigurationIsVisible = 0;
			defaultConfigurationName = Release;
		};
		CF2A376C1BA4836A00EC2455 /* Build configuration list for PBXNativeTarget "wishNgive" */ = {
			isa = XCConfigurationList;
			buildConfigurations = (
				CF2A376D1BA4836A00EC2455 /* Debug */,
				CF2A376E1BA4836A00EC2455 /* Release */,
			);
			defaultConfigurationIsVisible = 0;
			defaultConfigurationName = Release;
		};
		CF2A376F1BA4836A00EC2455 /* Build configuration list for PBXNativeTarget "wishNgiveTests" */ = {
			isa = XCConfigurationList;
			buildConfigurations = (
				CF2A37701BA4836A00EC2455 /* Debug */,
				CF2A37711BA4836A00EC2455 /* Release */,
			);
			defaultConfigurationIsVisible = 0;
			defaultConfigurationName = Release;
		};
/* End XCConfigurationList section */
	};
	rootObject = CF2A37451BA4836A00EC2455 /* Project object */;
}
